
Microsoft Visual Studio Solution File, Format Version 12.00
# Visual Studio Version 17
VisualStudioVersion = 17.0.31903.59
MinimumVisualStudioVersion = 10.0.40219.1
Project("{2150E333-8FDC-42A3-9474-1A3956D46DE8}") = "Task5", "Task5", "{B722FD1C-7FDE-4835-ABF2-B76836171B89}"
EndProject
Project("{FAE04EC0-301F-11D3-BF4B-00C04F79EFBC}") = "ConsoleApp1", "Task5\ConsoleApp1\ConsoleApp1.csproj", "{11825C94-D961-4EBB-A9CE-5F588D103FE7}"
EndProject
Global
	GlobalSection(SolutionConfigurationPlatforms) = preSolution
		Debug|Any CPU = Debug|Any CPU
		Release|Any CPU = Release|Any CPU
	EndGlobalSection
	GlobalSection(SolutionProperties) = preSolution
		HideSolutionNode = FALSE
	EndGlobalSection
	GlobalSection(ProjectConfigurationPlatforms) = postSolution
		{11825C94-D961-4EBB-A9CE-5F588D103FE7}.Debug|Any CPU.ActiveCfg = Debug|Any CPU
		{11825C94-D961-4EBB-A9CE-5F588D103FE7}.Debug|Any CPU.Build.0 = Debug|Any CPU
		{11825C94-D961-4EBB-A9CE-5F588D103FE7}.Release|Any CPU.ActiveCfg = Release|Any CPU
		{11825C94-D961-4EBB-A9CE-5F588D103FE7}.Release|Any CPU.Build.0 = Release|Any CPU
	EndGlobalSection
	GlobalSection(NestedProjects) = preSolution
		{11825C94-D961-4EBB-A9CE-5F588D103FE7} = {B722FD1C-7FDE-4835-ABF2-B76836171B89}
	EndGlobalSection
EndGlobal
