
Microsoft Visual Studio Solution File, Format Version 12.00
# Visual Studio Version 17
VisualStudioVersion = 17.0.31903.59
MinimumVisualStudioVersion = 10.0.40219.1
Project("{2150E333-8FDC-42A3-9474-1A3956D46DE8}") = "Task5", "Task5", "{5EBDEBD3-15A1-41A1-8F06-6F222CC3BA28}"
EndProject
Project("{2150E333-8FDC-42A3-9474-1A3956D46DE8}") = "backend", "backend", "{C74A177A-22C1-4ABB-BBF5-0B09E71F90FB}"
EndProject
Project("{FAE04EC0-301F-11D3-BF4B-00C04F79EFBC}") = "Excel", "Task5\backend\Excel\Excel.csproj", "{BFD17548-698D-4CFB-B50C-9ED8B5B11A69}"
EndProject
Global
	GlobalSection(SolutionConfigurationPlatforms) = preSolution
		Debug|Any CPU = Debug|Any CPU
		Release|Any CPU = Release|Any CPU
	EndGlobalSection
	GlobalSection(SolutionProperties) = preSolution
		HideSolutionNode = FALSE
	EndGlobalSection
	GlobalSection(ProjectConfigurationPlatforms) = postSolution
		{BFD17548-698D-4CFB-B50C-9ED8B5B11A69}.Debug|Any CPU.ActiveCfg = Debug|Any CPU
		{BFD17548-698D-4CFB-B50C-9ED8B5B11A69}.Debug|Any CPU.Build.0 = Debug|Any CPU
		{BFD17548-698D-4CFB-B50C-9ED8B5B11A69}.Release|Any CPU.ActiveCfg = Release|Any CPU
		{BFD17548-698D-4CFB-B50C-9ED8B5B11A69}.Release|Any CPU.Build.0 = Release|Any CPU
	EndGlobalSection
	GlobalSection(NestedProjects) = preSolution
		{C74A177A-22C1-4ABB-BBF5-0B09E71F90FB} = {5EBDEBD3-15A1-41A1-8F06-6F222CC3BA28}
		{BFD17548-698D-4CFB-B50C-9ED8B5B11A69} = {C74A177A-22C1-4ABB-BBF5-0B09E71F90FB}
	EndGlobalSection
EndGlobal
